// !$*UTF8*$!
{
	archiveVersion = 1;
	classes = {
	};
	objectVersion = 46;
	objects = {

/* Begin PBXBuildFile section */
		0D070DB11EC99BA4003FA59C /* dana.mp4 in Resources */ = {isa = PBXBuildFile; fileRef = 0D070DB01EC99BA4003FA59C /* dana.mp4 */; };
		0D070DB31EC9A044003FA59C /* AudioToolbox.framework in Frameworks */ = {isa = PBXBuildFile; fileRef = 0D070DB21EC9A044003FA59C /* AudioToolbox.framework */; };
		0D070DB71EC9A159003FA59C /* CoreMedia.framework in Frameworks */ = {isa = PBXBuildFile; fileRef = 0D070DB61EC9A159003FA59C /* CoreMedia.framework */; };
		0D070DBA1EC9A179003FA59C /* AVFoundation.framework in Frameworks */ = {isa = PBXBuildFile; fileRef = 0D4DEEB01EC83E40005B28E4 /* AVFoundation.framework */; };
		0D070DBE1EC9A2E4003FA59C /* MediaToolbox.framework in Frameworks */ = {isa = PBXBuildFile; fileRef = 0D070DBD1EC9A2E4003FA59C /* MediaToolbox.framework */; };
		0D070DBF1EC9A3C0003FA59C /* CoreAudio.framework in Frameworks */ = {isa = PBXBuildFile; fileRef = 0D070DB81EC9A160003FA59C /* CoreAudio.framework */; };
		0D3650431EC9D08D0029FC9F /* sdfdsf.mm in Sources */ = {isa = PBXBuildFile; fileRef = 0D3650421EC9D08D0029FC9F /* sdfdsf.mm */; };
		0D3650451EC9DD020029FC9F /* Accelerate.framework in Frameworks */ = {isa = PBXBuildFile; fileRef = 0D3650441EC9DD020029FC9F /* Accelerate.framework */; };
		0D3650481EC9DFEF0029FC9F /* WaveformView.mm in Sources */ = {isa = PBXBuildFile; fileRef = 0D3650471EC9DFEF0029FC9F /* WaveformView.mm */; };
		0D36504A1ECA09C80029FC9F /* File in Resources */ = {isa = PBXBuildFile; fileRef = 0D3650491ECA09C80029FC9F /* File */; };
		0D4DEE9A1EC83CBD005B28E4 /* main.m in Sources */ = {isa = PBXBuildFile; fileRef = 0D4DEE991EC83CBD005B28E4 /* main.m */; };
		0D4DEE9D1EC83CBD005B28E4 /* AppDelegate.mm in Sources */ = {isa = PBXBuildFile; fileRef = 0D4DEE9C1EC83CBD005B28E4 /* AppDelegate.mm */; };
		0D4DEEA01EC83CBD005B28E4 /* ViewController.mm in Sources */ = {isa = PBXBuildFile; fileRef = 0D4DEE9F1EC83CBD005B28E4 /* ViewController.mm */; };
		0D4DEEA51EC83CBD005B28E4 /* Assets.xcassets in Resources */ = {isa = PBXBuildFile; fileRef = 0D4DEEA41EC83CBD005B28E4 /* Assets.xcassets */; };
		0D4DEEA81EC83CBD005B28E4 /* LaunchScreen.storyboard in Resources */ = {isa = PBXBuildFile; fileRef = 0D4DEEA61EC83CBD005B28E4 /* LaunchScreen.storyboard */; };
		0D4DEEB31EC83EFE005B28E4 /* IMG_0138.mp4 in Resources */ = {isa = PBXBuildFile; fileRef = 0D4DEEB21EC83EFE005B28E4 /* IMG_0138.mp4 */; };
		0D4DEEB41EC83F19005B28E4 /* IMG_0138.mp4 in Sources */ = {isa = PBXBuildFile; fileRef = 0D4DEEB21EC83EFE005B28E4 /* IMG_0138.mp4 */; };
		0D4DEEE01EC849BE005B28E4 /* ProcessorContext.m in Sources */ = {isa = PBXBuildFile; fileRef = 0D4DEEDF1EC849BE005B28E4 /* ProcessorContext.m */; };
/* End PBXBuildFile section */

/* Begin PBXFileReference section */
		0D070DB01EC99BA4003FA59C /* dana.mp4 */ = {isa = PBXFileReference; lastKnownFileType = file; path = dana.mp4; sourceTree = "<group>"; };
		0D070DB21EC9A044003FA59C /* AudioToolbox.framework */ = {isa = PBXFileReference; lastKnownFileType = wrapper.framework; name = AudioToolbox.framework; path = System/Library/Frameworks/AudioToolbox.framework; sourceTree = SDKROOT; };
		0D070DB41EC9A04A003FA59C /* AudioUnit.framework */ = {isa = PBXFileReference; lastKnownFileType = wrapper.framework; name = AudioUnit.framework; path = System/Library/Frameworks/AudioUnit.framework; sourceTree = SDKROOT; };
		0D070DB61EC9A159003FA59C /* CoreMedia.framework */ = {isa = PBXFileReference; lastKnownFileType = wrapper.framework; name = CoreMedia.framework; path = System/Library/Frameworks/CoreMedia.framework; sourceTree = SDKROOT; };
		0D070DB81EC9A160003FA59C /* CoreAudio.framework */ = {isa = PBXFileReference; lastKnownFileType = wrapper.framework; name = CoreAudio.framework; path = System/Library/Frameworks/CoreAudio.framework; sourceTree = SDKROOT; };
		0D070DBB1EC9A1E2003FA59C /* CoreAudioKit.framework */ = {isa = PBXFileReference; lastKnownFileType = wrapper.framework; name = CoreAudioKit.framework; path = System/Library/Frameworks/CoreAudioKit.framework; sourceTree = SDKROOT; };
		0D070DBD1EC9A2E4003FA59C /* MediaToolbox.framework */ = {isa = PBXFileReference; lastKnownFileType = wrapper.framework; name = MediaToolbox.framework; path = System/Library/Frameworks/MediaToolbox.framework; sourceTree = SDKROOT; };
		0D3650411EC9D08D0029FC9F /* sdfdsf.h */ = {isa = PBXFileReference; fileEncoding = 4; lastKnownFileType = sourcecode.c.h; path = sdfdsf.h; sourceTree = "<group>"; };
		0D3650421EC9D08D0029FC9F /* sdfdsf.mm */ = {isa = PBXFileReference; fileEncoding = 4; lastKnownFileType = sourcecode.cpp.objcpp; path = sdfdsf.mm; sourceTree = "<group>"; };
		0D3650441EC9DD020029FC9F /* Accelerate.framework */ = {isa = PBXFileReference; lastKnownFileType = wrapper.framework; name = Accelerate.framework; path = System/Library/Frameworks/Accelerate.framework; sourceTree = SDKROOT; };
		0D3650461EC9DFEF0029FC9F /* WaveformView.h */ = {isa = PBXFileReference; fileEncoding = 4; lastKnownFileType = sourcecode.c.h; path = WaveformView.h; sourceTree = "<group>"; };
		0D3650471EC9DFEF0029FC9F /* WaveformView.mm */ = {isa = PBXFileReference; fileEncoding = 4; lastKnownFileType = sourcecode.cpp.objcpp; path = WaveformView.mm; sourceTree = "<group>"; };
		0D3650491ECA09C80029FC9F /* File */ = {isa = PBXFileReference; fileEncoding = 4; lastKnownFileType = text; path = File; sourceTree = "<group>"; };
		0D4DEE951EC83CBD005B28E4 /* AudioPlayground.app */ = {isa = PBXFileReference; explicitFileType = wrapper.application; includeInIndex = 0; path = AudioPlayground.app; sourceTree = BUILT_PRODUCTS_DIR; };
		0D4DEE991EC83CBD005B28E4 /* main.m */ = {isa = PBXFileReference; lastKnownFileType = sourcecode.c.objc; path = main.m; sourceTree = "<group>"; };
		0D4DEE9B1EC83CBD005B28E4 /* AppDelegate.h */ = {isa = PBXFileReference; lastKnownFileType = sourcecode.c.h; path = AppDelegate.h; sourceTree = "<group>"; };
		0D4DEE9C1EC83CBD005B28E4 /* AppDelegate.mm */ = {isa = PBXFileReference; lastKnownFileType = sourcecode.cpp.objcpp; path = AppDelegate.mm; sourceTree = "<group>"; };
		0D4DEE9E1EC83CBD005B28E4 /* ViewController.h */ = {isa = PBXFileReference; lastKnownFileType = sourcecode.c.h; path = ViewController.h; sourceTree = "<group>"; };
		0D4DEE9F1EC83CBD005B28E4 /* ViewController.mm */ = {isa = PBXFileReference; lastKnownFileType = sourcecode.cpp.objcpp; path = ViewController.mm; sourceTree = "<group>"; };
		0D4DEEA41EC83CBD005B28E4 /* Assets.xcassets */ = {isa = PBXFileReference; lastKnownFileType = folder.assetcatalog; path = Assets.xcassets; sourceTree = "<group>"; };
		0D4DEEA71EC83CBD005B28E4 /* Base */ = {isa = PBXFileReference; lastKnownFileType = file.storyboard; name = Base; path = Base.lproj/LaunchScreen.storyboard; sourceTree = "<group>"; };
		0D4DEEA91EC83CBD005B28E4 /* Info.plist */ = {isa = PBXFileReference; lastKnownFileType = text.plist.xml; path = Info.plist; sourceTree = "<group>"; };
		0D4DEEB01EC83E40005B28E4 /* AVFoundation.framework */ = {isa = PBXFileReference; lastKnownFileType = wrapper.framework; name = AVFoundation.framework; path = System/Library/Frameworks/AVFoundation.framework; sourceTree = SDKROOT; };
		0D4DEEB21EC83EFE005B28E4 /* IMG_0138.mp4 */ = {isa = PBXFileReference; lastKnownFileType = file; name = IMG_0138.mp4; path = ../../../Downloads/IMG_0138.mp4; sourceTree = "<group>"; };
		0D4DEEDE1EC849BE005B28E4 /* ProcessorContext.h */ = {isa = PBXFileReference; fileEncoding = 4; lastKnownFileType = sourcecode.c.h; path = ProcessorContext.h; sourceTree = "<group>"; };
		0D4DEEDF1EC849BE005B28E4 /* ProcessorContext.m */ = {isa = PBXFileReference; fileEncoding = 4; lastKnownFileType = sourcecode.c.objc; path = ProcessorContext.m; sourceTree = "<group>"; };
/* End PBXFileReference section */

/* Begin PBXFrameworksBuildPhase section */
		0D4DEE921EC83CBD005B28E4 /* Frameworks */ = {
			isa = PBXFrameworksBuildPhase;
			buildActionMask = 2147483647;
			files = (
				0D3650451EC9DD020029FC9F /* Accelerate.framework in Frameworks */,
				0D070DBF1EC9A3C0003FA59C /* CoreAudio.framework in Frameworks */,
				0D070DBE1EC9A2E4003FA59C /* MediaToolbox.framework in Frameworks */,
				0D070DB31EC9A044003FA59C /* AudioToolbox.framework in Frameworks */,
				0D070DBA1EC9A179003FA59C /* AVFoundation.framework in Frameworks */,
				0D070DB71EC9A159003FA59C /* CoreMedia.framework in Frameworks */,
			);
			runOnlyForDeploymentPostprocessing = 0;
		};
/* End PBXFrameworksBuildPhase section */

/* Begin PBXGroup section */
		0D4DEE8C1EC83CBD005B28E4 = {
			isa = PBXGroup;
			children = (
				0D3650491ECA09C80029FC9F /* File */,
				0D3650411EC9D08D0029FC9F /* sdfdsf.h */,
				0D3650421EC9D08D0029FC9F /* sdfdsf.mm */,
				0D070DB01EC99BA4003FA59C /* dana.mp4 */,
				0D4DEEB21EC83EFE005B28E4 /* IMG_0138.mp4 */,
				0D4DEE971EC83CBD005B28E4 /* AudioPlayground */,
				0D4DEE961EC83CBD005B28E4 /* Products */,
				0D4DEEAF1EC83E40005B28E4 /* Frameworks */,
			);
			sourceTree = "<group>";
		};
		0D4DEE961EC83CBD005B28E4 /* Products */ = {
			isa = PBXGroup;
			children = (
				0D4DEE951EC83CBD005B28E4 /* AudioPlayground.app */,
			);
			name = Products;
			sourceTree = "<group>";
		};
		0D4DEE971EC83CBD005B28E4 /* AudioPlayground */ = {
			isa = PBXGroup;
			children = (
				0D4DEE9B1EC83CBD005B28E4 /* AppDelegate.h */,
				0D4DEE9C1EC83CBD005B28E4 /* AppDelegate.mm */,
				0D4DEE9E1EC83CBD005B28E4 /* ViewController.h */,
				0D4DEE9F1EC83CBD005B28E4 /* ViewController.mm */,
				0D4DEEA41EC83CBD005B28E4 /* Assets.xcassets */,
				0D4DEEA61EC83CBD005B28E4 /* LaunchScreen.storyboard */,
				0D4DEEA91EC83CBD005B28E4 /* Info.plist */,
				0D4DEE981EC83CBD005B28E4 /* Supporting Files */,
				0D4DEEDE1EC849BE005B28E4 /* ProcessorContext.h */,
				0D4DEEDF1EC849BE005B28E4 /* ProcessorContext.m */,
				0D3650461EC9DFEF0029FC9F /* WaveformView.h */,
				0D3650471EC9DFEF0029FC9F /* WaveformView.mm */,
			);
			path = AudioPlayground;
			sourceTree = "<group>";
		};
		0D4DEE981EC83CBD005B28E4 /* Supporting Files */ = {
			isa = PBXGroup;
			children = (
				0D4DEE991EC83CBD005B28E4 /* main.m */,
			);
			name = "Supporting Files";
			sourceTree = "<group>";
		};
		0D4DEEAF1EC83E40005B28E4 /* Frameworks */ = {
			isa = PBXGroup;
			children = (
				0D3650441EC9DD020029FC9F /* Accelerate.framework */,
				0D070DBD1EC9A2E4003FA59C /* MediaToolbox.framework */,
				0D070DBB1EC9A1E2003FA59C /* CoreAudioKit.framework */,
				0D070DB81EC9A160003FA59C /* CoreAudio.framework */,
				0D070DB61EC9A159003FA59C /* CoreMedia.framework */,
				0D070DB41EC9A04A003FA59C /* AudioUnit.framework */,
				0D070DB21EC9A044003FA59C /* AudioToolbox.framework */,
				0D4DEEB01EC83E40005B28E4 /* AVFoundation.framework */,
			);
			name = Frameworks;
			sourceTree = "<group>";
		};
/* End PBXGroup section */

/* Begin PBXNativeTarget section */
		0D4DEE941EC83CBD005B28E4 /* AudioPlayground */ = {
			isa = PBXNativeTarget;
			buildConfigurationList = 0D4DEEAC1EC83CBD005B28E4 /* Build configuration list for PBXNativeTarget "AudioPlayground" */;
			buildPhases = (
				0D4DEE911EC83CBD005B28E4 /* Sources */,
				0D4DEE921EC83CBD005B28E4 /* Frameworks */,
				0D4DEE931EC83CBD005B28E4 /* Resources */,
			);
			buildRules = (
			);
			dependencies = (
			);
			name = AudioPlayground;
			productName = AudioPlayground;
			productReference = 0D4DEE951EC83CBD005B28E4 /* AudioPlayground.app */;
			productType = "com.apple.product-type.application";
		};
/* End PBXNativeTarget section */

/* Begin PBXProject section */
		0D4DEE8D1EC83CBD005B28E4 /* Project object */ = {
			isa = PBXProject;
			attributes = {
				LastUpgradeCheck = 0820;
				ORGANIZATIONNAME = "zur tene";
				TargetAttributes = {
					0D4DEE941EC83CBD005B28E4 = {
						CreatedOnToolsVersion = 8.2.1;
						DevelopmentTeam = KG6GWND6BG;
						ProvisioningStyle = Automatic;
					};
				};
			};
			buildConfigurationList = 0D4DEE901EC83CBD005B28E4 /* Build configuration list for PBXProject "AudioPlayground" */;
			compatibilityVersion = "Xcode 3.2";
			developmentRegion = English;
			hasScannedForEncodings = 0;
			knownRegions = (
				en,
				Base,
			);
			mainGroup = 0D4DEE8C1EC83CBD005B28E4;
			productRefGroup = 0D4DEE961EC83CBD005B28E4 /* Products */;
			projectDirPath = "";
			projectRoot = "";
			targets = (
				0D4DEE941EC83CBD005B28E4 /* AudioPlayground */,
			);
		};
/* End PBXProject section */

/* Begin PBXResourcesBuildPhase section */
		0D4DEE931EC83CBD005B28E4 /* Resources */ = {
			isa = PBXResourcesBuildPhase;
			buildActionMask = 2147483647;
			files = (
				0D4DEEA81EC83CBD005B28E4 /* LaunchScreen.storyboard in Resources */,
				0D4DEEB31EC83EFE005B28E4 /* IMG_0138.mp4 in Resources */,
				0D4DEEA51EC83CBD005B28E4 /* Assets.xcassets in Resources */,
				0D070DB11EC99BA4003FA59C /* dana.mp4 in Resources */,
				0D36504A1ECA09C80029FC9F /* File in Resources */,
			);
			runOnlyForDeploymentPostprocessing = 0;
		};
/* End PBXResourcesBuildPhase section */

/* Begin PBXSourcesBuildPhase section */
		0D4DEE911EC83CBD005B28E4 /* Sources */ = {
			isa = PBXSourcesBuildPhase;
			buildActionMask = 2147483647;
			files = (
				0D4DEEB41EC83F19005B28E4 /* IMG_0138.mp4 in Sources */,
				0D3650431EC9D08D0029FC9F /* sdfdsf.mm in Sources */,
				0D3650481EC9DFEF0029FC9F /* WaveformView.mm in Sources */,
				0D4DEEE01EC849BE005B28E4 /* ProcessorContext.m in Sources */,
				0D4DEEA01EC83CBD005B28E4 /* ViewController.mm in Sources */,
				0D4DEE9D1EC83CBD005B28E4 /* AppDelegate.mm in Sources */,
				0D4DEE9A1EC83CBD005B28E4 /* main.m in Sources */,
			);
			runOnlyForDeploymentPostprocessing = 0;
		};
/* End PBXSourcesBuildPhase section */

/* Begin PBXVariantGroup section */
		0D4DEEA61EC83CBD005B28E4 /* LaunchScreen.storyboard */ = {
			isa = PBXVariantGroup;
			children = (
				0D4DEEA71EC83CBD005B28E4 /* Base */,
			);
			name = LaunchScreen.storyboard;
			sourceTree = "<group>";
		};
/* End PBXVariantGroup section */

/* Begin XCBuildConfiguration section */
		0D4DEEAA1EC83CBD005B28E4 /* Debug */ = {
			isa = XCBuildConfiguration;
			buildSettings = {
				ALWAYS_SEARCH_USER_PATHS = NO;
				CLANG_ANALYZER_NONNULL = YES;
				CLANG_CXX_LANGUAGE_STANDARD = "gnu++0x";
				CLANG_CXX_LIBRARY = "libc++";
				CLANG_ENABLE_MODULES = YES;
				CLANG_ENABLE_OBJC_ARC = YES;
				CLANG_WARN_BOOL_CONVERSION = YES;
				CLANG_WARN_CONSTANT_CONVERSION = YES;
				CLANG_WARN_DIRECT_OBJC_ISA_USAGE = YES_ERROR;
				CLANG_WARN_DOCUMENTATION_COMMENTS = YES;
				CLANG_WARN_EMPTY_BODY = YES;
				CLANG_WARN_ENUM_CONVERSION = YES;
				CLANG_WARN_INFINITE_RECURSION = YES;
				CLANG_WARN_INT_CONVERSION = YES;
				CLANG_WARN_OBJC_ROOT_CLASS = YES_ERROR;
				CLANG_WARN_SUSPICIOUS_MOVE = YES;
				CLANG_WARN_UNREACHABLE_CODE = YES;
				CLANG_WARN__DUPLICATE_METHOD_MATCH = YES;
				"CODE_SIGN_IDENTITY[sdk=iphoneos*]" = "iPhone Developer";
				COPY_PHASE_STRIP = NO;
				DEBUG_INFORMATION_FORMAT = dwarf;
				ENABLE_STRICT_OBJC_MSGSEND = YES;
				ENABLE_TESTABILITY = YES;
				GCC_C_LANGUAGE_STANDARD = gnu99;
				GCC_DYNAMIC_NO_PIC = NO;
				GCC_NO_COMMON_BLOCKS = YES;
				GCC_OPTIMIZATION_LEVEL = 0;
				GCC_PREPROCESSOR_DEFINITIONS = (
					"DEBUG=1",
					"$(inherited)",
				);
				GCC_WARN_64_TO_32_BIT_CONVERSION = YES;
				GCC_WARN_ABOUT_RETURN_TYPE = YES_ERROR;
				GCC_WARN_UNDECLARED_SELECTOR = YES;
				GCC_WARN_UNINITIALIZED_AUTOS = YES_AGGRESSIVE;
				GCC_WARN_UNUSED_FUNCTION = YES;
				GCC_WARN_UNUSED_VARIABLE = YES;
				IPHONEOS_DEPLOYMENT_TARGET = 9.0;
				MTL_ENABLE_DEBUG_INFO = YES;
				ONLY_ACTIVE_ARCH = YES;
				SDKROOT = iphoneos;
				TARGETED_DEVICE_FAMILY = "1,2";
			};
			name = Debug;
		};
		0D4DEEAB1EC83CBD005B28E4 /* Release */ = {
			isa = XCBuildConfiguration;
			buildSettings = {
				ALWAYS_SEARCH_USER_PATHS = NO;
				CLANG_ANALYZER_NONNULL = YES;
				CLANG_CXX_LANGUAGE_STANDARD = "gnu++0x";
				CLANG_CXX_LIBRARY = "libc++";
				CLANG_ENABLE_MODULES = YES;
				CLANG_ENABLE_OBJC_ARC = YES;
				CLANG_WARN_BOOL_CONVERSION = YES;
				CLANG_WARN_CONSTANT_CONVERSION = YES;
				CLANG_WARN_DIRECT_OBJC_ISA_USAGE = YES_ERROR;
				CLANG_WARN_DOCUMENTATION_COMMENTS = YES;
				CLANG_WARN_EMPTY_BODY = YES;
				CLANG_WARN_ENUM_CONVERSION = YES;
				CLANG_WARN_INFINITE_RECURSION = YES;
				CLANG_WARN_INT_CONVERSION = YES;
				CLANG_WARN_OBJC_ROOT_CLASS = YES_ERROR;
				CLANG_WARN_SUSPICIOUS_MOVE = YES;
				CLANG_WARN_UNREACHABLE_CODE = YES;
				CLANG_WARN__DUPLICATE_METHOD_MATCH = YES;
				"CODE_SIGN_IDENTITY[sdk=iphoneos*]" = "iPhone Developer";
				COPY_PHASE_STRIP = NO;
				DEBUG_INFORMATION_FORMAT = "dwarf-with-dsym";
				ENABLE_NS_ASSERTIONS = NO;
				ENABLE_STRICT_OBJC_MSGSEND = YES;
				GCC_C_LANGUAGE_STANDARD = gnu99;
				GCC_NO_COMMON_BLOCKS = YES;
				GCC_WARN_64_TO_32_BIT_CONVERSION = YES;
				GCC_WARN_ABOUT_RETURN_TYPE = YES_ERROR;
				GCC_WARN_UNDECLARED_SELECTOR = YES;
				GCC_WARN_UNINITIALIZED_AUTOS = YES_AGGRESSIVE;
				GCC_WARN_UNUSED_FUNCTION = YES;
				GCC_WARN_UNUSED_VARIABLE = YES;
				IPHONEOS_DEPLOYMENT_TARGET = 9.0;
				MTL_ENABLE_DEBUG_INFO = NO;
				SDKROOT = iphoneos;
				TARGETED_DEVICE_FAMILY = "1,2";
				VALIDATE_PRODUCT = YES;
			};
			name = Release;
		};
		0D4DEEAD1EC83CBD005B28E4 /* Debug */ = {
			isa = XCBuildConfiguration;
			buildSettings = {
				ASSETCATALOG_COMPILER_APPICON_NAME = AppIcon;
				DEVELOPMENT_TEAM = KG6GWND6BG;
				INFOPLIST_FILE = AudioPlayground/Info.plist;
				IPHONEOS_DEPLOYMENT_TARGET = 10.1;
				LD_RUNPATH_SEARCH_PATHS = "$(inherited) @executable_path/Frameworks";
				PRODUCT_BUNDLE_IDENTIFIER = lightricks.AudioPlayground;
				PRODUCT_NAME = "$(TARGET_NAME)";
			};
			name = Debug;
		};
		0D4DEEAE1EC83CBD005B28E4 /* Release */ = {
			isa = XCBuildConfiguration;
			buildSettings = {
				ASSETCATALOG_COMPILER_APPICON_NAME = AppIcon;
				DEVELOPMENT_TEAM = KG6GWND6BG;
				INFOPLIST_FILE = AudioPlayground/Info.plist;
				IPHONEOS_DEPLOYMENT_TARGET = 10.1;
				LD_RUNPATH_SEARCH_PATHS = "$(inherited) @executable_path/Frameworks";
				PRODUCT_BUNDLE_IDENTIFIER = lightricks.AudioPlayground;
				PRODUCT_NAME = "$(TARGET_NAME)";
			};
			name = Release;
		};
/* End XCBuildConfiguration section */

/* Begin XCConfigurationList section */
		0D4DEE901EC83CBD005B28E4 /* Build configuration list for PBXProject "AudioPlayground" */ = {
			isa = XCConfigurationList;
			buildConfigurations = (
				0D4DEEAA1EC83CBD005B28E4 /* Debug */,
				0D4DEEAB1EC83CBD005B28E4 /* Release */,
			);
			defaultConfigurationIsVisible = 0;
			defaultConfigurationName = Release;
		};
		0D4DEEAC1EC83CBD005B28E4 /* Build configuration list for PBXNativeTarget "AudioPlayground" */ = {
			isa = XCConfigurationList;
			buildConfigurations = (
				0D4DEEAD1EC83CBD005B28E4 /* Debug */,
				0D4DEEAE1EC83CBD005B28E4 /* Release */,
			);
			defaultConfigurationIsVisible = 0;
			defaultConfigurationName = Release;
		};
/* End XCConfigurationList section */
	};
	rootObject = 0D4DEE8D1EC83CBD005B28E4 /* Project object */;
}
